
Microsoft Visual Studio Solution File, Format Version 12.00
# Visual Studio Version 17
VisualStudioVersion = 17.4.33110.190
MinimumVisualStudioVersion = 10.0.40219.1
Project("{FAE04EC0-301F-11D3-BF4B-00C04F79EFBC}") = "ArrayMethods", "ArrayMethods\ArrayMethods.csproj", "{D59DE830-240D-4712-9544-B07C5086CB6E}"
EndProject
Project("{FAE04EC0-301F-11D3-BF4B-00C04F79EFBC}") = "ListMethods", "ListMethods\ListMethods.csproj", "{B1877D5B-3E59-4D5E-BFD3-06529BF0A658}"
EndProject
Project("{FAE04EC0-301F-11D3-BF4B-00C04F79EFBC}") = "ExerciseArrayAndList", "ExerciseArrayAndList\ExerciseArrayAndList.csproj", "{C18BC061-063A-43BC-8F06-0ADB3AFC470E}"
EndProject
Global
	GlobalSection(SolutionConfigurationPlatforms) = preSolution
		Debug|Any CPU = Debug|Any CPU
		Release|Any CPU = Release|Any CPU
	EndGlobalSection
	GlobalSection(ProjectConfigurationPlatforms) = postSolution
		{D59DE830-240D-4712-9544-B07C5086CB6E}.Debug|Any CPU.ActiveCfg = Debug|Any CPU
		{D59DE830-240D-4712-9544-B07C5086CB6E}.Debug|Any CPU.Build.0 = Debug|Any CPU
		{D59DE830-240D-4712-9544-B07C5086CB6E}.Release|Any CPU.ActiveCfg = Release|Any CPU
		{D59DE830-240D-4712-9544-B07C5086CB6E}.Release|Any CPU.Build.0 = Release|Any CPU
		{B1877D5B-3E59-4D5E-BFD3-06529BF0A658}.Debug|Any CPU.ActiveCfg = Debug|Any CPU
		{B1877D5B-3E59-4D5E-BFD3-06529BF0A658}.Debug|Any CPU.Build.0 = Debug|Any CPU
		{B1877D5B-3E59-4D5E-BFD3-06529BF0A658}.Release|Any CPU.ActiveCfg = Release|Any CPU
		{B1877D5B-3E59-4D5E-BFD3-06529BF0A658}.Release|Any CPU.Build.0 = Release|Any CPU
		{C18BC061-063A-43BC-8F06-0ADB3AFC470E}.Debug|Any CPU.ActiveCfg = Debug|Any CPU
		{C18BC061-063A-43BC-8F06-0ADB3AFC470E}.Debug|Any CPU.Build.0 = Debug|Any CPU
		{C18BC061-063A-43BC-8F06-0ADB3AFC470E}.Release|Any CPU.ActiveCfg = Release|Any CPU
		{C18BC061-063A-43BC-8F06-0ADB3AFC470E}.Release|Any CPU.Build.0 = Release|Any CPU
	EndGlobalSection
	GlobalSection(SolutionProperties) = preSolution
		HideSolutionNode = FALSE
	EndGlobalSection
	GlobalSection(ExtensibilityGlobals) = postSolution
		SolutionGuid = {B9E5F72C-A23C-4F86-B1CD-064FEA9FA820}
	EndGlobalSection
EndGlobal
